// !$*UTF8*$!
{
	archiveVersion = 1;
	classes = {
	};
	objectVersion = 46;
	objects = {

/* Begin PBXBuildFile section */
		29CE87681F56C7ED0090EFD0 /* AppDelegate.swift in Sources */ = {isa = PBXBuildFile; fileRef = 29CE87671F56C7ED0090EFD0 /* AppDelegate.swift */; };
		29CE876A1F56C7ED0090EFD0 /* UsersViewController.swift in Sources */ = {isa = PBXBuildFile; fileRef = 29CE87691F56C7ED0090EFD0 /* UsersViewController.swift */; };
		29CE876F1F56C7ED0090EFD0 /* Main.storyboard in Resources */ = {isa = PBXBuildFile; fileRef = 29CE876D1F56C7ED0090EFD0 /* Main.storyboard */; };
		29CE87711F56C7ED0090EFD0 /* Assets.xcassets in Resources */ = {isa = PBXBuildFile; fileRef = 29CE87701F56C7ED0090EFD0 /* Assets.xcassets */; };
		29CE87741F56C7ED0090EFD0 /* LaunchScreen.storyboard in Resources */ = {isa = PBXBuildFile; fileRef = 29CE87721F56C7ED0090EFD0 /* LaunchScreen.storyboard */; };
		29CE877F1F56C7ED0090EFD0 /* UsersPostsTests.swift in Sources */ = {isa = PBXBuildFile; fileRef = 29CE877E1F56C7ED0090EFD0 /* UsersPostsTests.swift */; };
		29CE878B1F56CA2D0090EFD0 /* UserInfo.swift in Sources */ = {isa = PBXBuildFile; fileRef = 29CE878A1F56CA2D0090EFD0 /* UserInfo.swift */; };
		29CE878E1F56CBDD0090EFD0 /* Task.swift in Sources */ = {isa = PBXBuildFile; fileRef = 29CE878D1F56CBDD0090EFD0 /* Task.swift */; };
		29CE87901F56CC210090EFD0 /* UsersTask.swift in Sources */ = {isa = PBXBuildFile; fileRef = 29CE878F1F56CC210090EFD0 /* UsersTask.swift */; };
		29CE87941F56E2880090EFD0 /* UserTableViewCell.swift in Sources */ = {isa = PBXBuildFile; fileRef = 29CE87921F56E2880090EFD0 /* UserTableViewCell.swift */; };
		29CE87971F56E6110090EFD0 /* UsersDataSource.swift in Sources */ = {isa = PBXBuildFile; fileRef = 29CE87961F56E6110090EFD0 /* UsersDataSource.swift */; };
		29CE87991F56F43E0090EFD0 /* UserPostsTableViewController.swift in Sources */ = {isa = PBXBuildFile; fileRef = 29CE87981F56F43E0090EFD0 /* UserPostsTableViewController.swift */; };
		29CE87C91F56F5F90090EFD0 /* UserPost.swift in Sources */ = {isa = PBXBuildFile; fileRef = 29CE87C81F56F5F90090EFD0 /* UserPost.swift */; };
		29CE87CB1F56F7150090EFD0 /* UserPostsTask.swift in Sources */ = {isa = PBXBuildFile; fileRef = 29CE87CA1F56F7150090EFD0 /* UserPostsTask.swift */; };
		29CE87CD1F56F74D0090EFD0 /* BaseTask.swift in Sources */ = {isa = PBXBuildFile; fileRef = 29CE87CC1F56F74D0090EFD0 /* BaseTask.swift */; };
		29CE87CF1F56F8A10090EFD0 /* UserPostDataSource.swift in Sources */ = {isa = PBXBuildFile; fileRef = 29CE87CE1F56F8A10090EFD0 /* UserPostDataSource.swift */; };
		29CE87D11F56FB8B0090EFD0 /* UserPostTableViewCell.swift in Sources */ = {isa = PBXBuildFile; fileRef = 29CE87D01F56FB8B0090EFD0 /* UserPostTableViewCell.swift */; };
/* End PBXBuildFile section */

/* Begin PBXContainerItemProxy section */
		29CE877B1F56C7ED0090EFD0 /* PBXContainerItemProxy */ = {
			isa = PBXContainerItemProxy;
			containerPortal = 29CE875C1F56C7ED0090EFD0 /* Project object */;
			proxyType = 1;
			remoteGlobalIDString = 29CE87631F56C7ED0090EFD0;
			remoteInfo = UsersPosts;
		};
/* End PBXContainerItemProxy section */

/* Begin PBXFileReference section */
		29CE87641F56C7ED0090EFD0 /* UsersPosts.app */ = {isa = PBXFileReference; explicitFileType = wrapper.application; includeInIndex = 0; path = UsersPosts.app; sourceTree = BUILT_PRODUCTS_DIR; };
		29CE87671F56C7ED0090EFD0 /* AppDelegate.swift */ = {isa = PBXFileReference; lastKnownFileType = sourcecode.swift; path = AppDelegate.swift; sourceTree = "<group>"; };
		29CE87691F56C7ED0090EFD0 /* UsersViewController.swift */ = {isa = PBXFileReference; lastKnownFileType = sourcecode.swift; path = UsersViewController.swift; sourceTree = "<group>"; };
		29CE876E1F56C7ED0090EFD0 /* Base */ = {isa = PBXFileReference; lastKnownFileType = file.storyboard; name = Base; path = Base.lproj/Main.storyboard; sourceTree = "<group>"; };
		29CE87701F56C7ED0090EFD0 /* Assets.xcassets */ = {isa = PBXFileReference; lastKnownFileType = folder.assetcatalog; path = Assets.xcassets; sourceTree = "<group>"; };
		29CE87731F56C7ED0090EFD0 /* Base */ = {isa = PBXFileReference; lastKnownFileType = file.storyboard; name = Base; path = Base.lproj/LaunchScreen.storyboard; sourceTree = "<group>"; };
		29CE87751F56C7ED0090EFD0 /* Info.plist */ = {isa = PBXFileReference; lastKnownFileType = text.plist.xml; path = Info.plist; sourceTree = "<group>"; };
		29CE877A1F56C7ED0090EFD0 /* UsersPostsTests.xctest */ = {isa = PBXFileReference; explicitFileType = wrapper.cfbundle; includeInIndex = 0; path = UsersPostsTests.xctest; sourceTree = BUILT_PRODUCTS_DIR; };
		29CE877E1F56C7ED0090EFD0 /* UsersPostsTests.swift */ = {isa = PBXFileReference; lastKnownFileType = sourcecode.swift; path = UsersPostsTests.swift; sourceTree = "<group>"; };
		29CE87801F56C7ED0090EFD0 /* Info.plist */ = {isa = PBXFileReference; lastKnownFileType = text.plist.xml; path = Info.plist; sourceTree = "<group>"; };
		29CE878A1F56CA2D0090EFD0 /* UserInfo.swift */ = {isa = PBXFileReference; fileEncoding = 4; lastKnownFileType = sourcecode.swift; path = UserInfo.swift; sourceTree = "<group>"; };
		29CE878D1F56CBDD0090EFD0 /* Task.swift */ = {isa = PBXFileReference; fileEncoding = 4; lastKnownFileType = sourcecode.swift; path = Task.swift; sourceTree = "<group>"; };
		29CE878F1F56CC210090EFD0 /* UsersTask.swift */ = {isa = PBXFileReference; fileEncoding = 4; lastKnownFileType = sourcecode.swift; path = UsersTask.swift; sourceTree = "<group>"; };
		29CE87921F56E2880090EFD0 /* UserTableViewCell.swift */ = {isa = PBXFileReference; fileEncoding = 4; lastKnownFileType = sourcecode.swift; path = UserTableViewCell.swift; sourceTree = "<group>"; };
		29CE87961F56E6110090EFD0 /* UsersDataSource.swift */ = {isa = PBXFileReference; fileEncoding = 4; lastKnownFileType = sourcecode.swift; path = UsersDataSource.swift; sourceTree = "<group>"; };
		29CE87981F56F43E0090EFD0 /* UserPostsTableViewController.swift */ = {isa = PBXFileReference; fileEncoding = 4; lastKnownFileType = sourcecode.swift; path = UserPostsTableViewController.swift; sourceTree = "<group>"; };
		29CE87C81F56F5F90090EFD0 /* UserPost.swift */ = {isa = PBXFileReference; fileEncoding = 4; lastKnownFileType = sourcecode.swift; path = UserPost.swift; sourceTree = "<group>"; };
		29CE87CA1F56F7150090EFD0 /* UserPostsTask.swift */ = {isa = PBXFileReference; fileEncoding = 4; lastKnownFileType = sourcecode.swift; path = UserPostsTask.swift; sourceTree = "<group>"; };
		29CE87CC1F56F74D0090EFD0 /* BaseTask.swift */ = {isa = PBXFileReference; fileEncoding = 4; lastKnownFileType = sourcecode.swift; path = BaseTask.swift; sourceTree = "<group>"; };
		29CE87CE1F56F8A10090EFD0 /* UserPostDataSource.swift */ = {isa = PBXFileReference; fileEncoding = 4; lastKnownFileType = sourcecode.swift; path = UserPostDataSource.swift; sourceTree = "<group>"; };
		29CE87D01F56FB8B0090EFD0 /* UserPostTableViewCell.swift */ = {isa = PBXFileReference; fileEncoding = 4; lastKnownFileType = sourcecode.swift; path = UserPostTableViewCell.swift; sourceTree = "<group>"; };
/* End PBXFileReference section */

/* Begin PBXFrameworksBuildPhase section */
		29CE87611F56C7ED0090EFD0 /* Frameworks */ = {
			isa = PBXFrameworksBuildPhase;
			buildActionMask = 2147483647;
			files = (
			);
			runOnlyForDeploymentPostprocessing = 0;
		};
		29CE87771F56C7ED0090EFD0 /* Frameworks */ = {
			isa = PBXFrameworksBuildPhase;
			buildActionMask = 2147483647;
			files = (
			);
			runOnlyForDeploymentPostprocessing = 0;
		};
/* End PBXFrameworksBuildPhase section */

/* Begin PBXGroup section */
		29CE875B1F56C7ED0090EFD0 = {
			isa = PBXGroup;
			children = (
				29CE87661F56C7ED0090EFD0 /* UsersPosts */,
				29CE877D1F56C7ED0090EFD0 /* UsersPostsTests */,
				29CE87651F56C7ED0090EFD0 /* Products */,
			);
			sourceTree = "<group>";
		};
		29CE87651F56C7ED0090EFD0 /* Products */ = {
			isa = PBXGroup;
			children = (
				29CE87641F56C7ED0090EFD0 /* UsersPosts.app */,
				29CE877A1F56C7ED0090EFD0 /* UsersPostsTests.xctest */,
			);
			name = Products;
			sourceTree = "<group>";
		};
		29CE87661F56C7ED0090EFD0 /* UsersPosts */ = {
			isa = PBXGroup;
			children = (
				29CE87911F56E2630090EFD0 /* Views */,
				29CE878C1F56CBD70090EFD0 /* Network */,
				29CE87891F56CA170090EFD0 /* Models */,
				29CE87671F56C7ED0090EFD0 /* AppDelegate.swift */,
				29CE87691F56C7ED0090EFD0 /* UsersViewController.swift */,
				29CE87981F56F43E0090EFD0 /* UserPostsTableViewController.swift */,
				29CE876D1F56C7ED0090EFD0 /* Main.storyboard */,
				29CE87701F56C7ED0090EFD0 /* Assets.xcassets */,
				29CE87721F56C7ED0090EFD0 /* LaunchScreen.storyboard */,
				29CE87751F56C7ED0090EFD0 /* Info.plist */,
				29CE87961F56E6110090EFD0 /* UsersDataSource.swift */,
				29CE87CE1F56F8A10090EFD0 /* UserPostDataSource.swift */,
			);
			path = UsersPosts;
			sourceTree = "<group>";
		};
		29CE877D1F56C7ED0090EFD0 /* UsersPostsTests */ = {
			isa = PBXGroup;
			children = (
				29CE877E1F56C7ED0090EFD0 /* UsersPostsTests.swift */,
				29CE87801F56C7ED0090EFD0 /* Info.plist */,
			);
			path = UsersPostsTests;
			sourceTree = "<group>";
		};
		29CE87891F56CA170090EFD0 /* Models */ = {
			isa = PBXGroup;
			children = (
				29CE878A1F56CA2D0090EFD0 /* UserInfo.swift */,
				29CE87C81F56F5F90090EFD0 /* UserPost.swift */,
			);
			path = Models;
			sourceTree = "<group>";
		};
		29CE878C1F56CBD70090EFD0 /* Network */ = {
			isa = PBXGroup;
			children = (
				29CE878D1F56CBDD0090EFD0 /* Task.swift */,
				29CE87CC1F56F74D0090EFD0 /* BaseTask.swift */,
				29CE878F1F56CC210090EFD0 /* UsersTask.swift */,
				29CE87CA1F56F7150090EFD0 /* UserPostsTask.swift */,
			);
			path = Network;
			sourceTree = "<group>";
		};
		29CE87911F56E2630090EFD0 /* Views */ = {
			isa = PBXGroup;
			children = (
				29CE87921F56E2880090EFD0 /* UserTableViewCell.swift */,
				29CE87D01F56FB8B0090EFD0 /* UserPostTableViewCell.swift */,
			);
			path = Views;
			sourceTree = "<group>";
		};
/* End PBXGroup section */

/* Begin PBXNativeTarget section */
		29CE87631F56C7ED0090EFD0 /* UsersPosts */ = {
			isa = PBXNativeTarget;
			buildConfigurationList = 29CE87831F56C7ED0090EFD0 /* Build configuration list for PBXNativeTarget "UsersPosts" */;
			buildPhases = (
				29CE87601F56C7ED0090EFD0 /* Sources */,
				29CE87611F56C7ED0090EFD0 /* Frameworks */,
				29CE87621F56C7ED0090EFD0 /* Resources */,
			);
			buildRules = (
			);
			dependencies = (
			);
			name = UsersPosts;
			productName = UsersPosts;
			productReference = 29CE87641F56C7ED0090EFD0 /* UsersPosts.app */;
			productType = "com.apple.product-type.application";
		};
		29CE87791F56C7ED0090EFD0 /* UsersPostsTests */ = {
			isa = PBXNativeTarget;
			buildConfigurationList = 29CE87861F56C7ED0090EFD0 /* Build configuration list for PBXNativeTarget "UsersPostsTests" */;
			buildPhases = (
				29CE87761F56C7ED0090EFD0 /* Sources */,
				29CE87771F56C7ED0090EFD0 /* Frameworks */,
				29CE87781F56C7ED0090EFD0 /* Resources */,
			);
			buildRules = (
			);
			dependencies = (
				29CE877C1F56C7ED0090EFD0 /* PBXTargetDependency */,
			);
			name = UsersPostsTests;
			productName = UsersPostsTests;
			productReference = 29CE877A1F56C7ED0090EFD0 /* UsersPostsTests.xctest */;
			productType = "com.apple.product-type.bundle.unit-test";
		};
/* End PBXNativeTarget section */

/* Begin PBXProject section */
		29CE875C1F56C7ED0090EFD0 /* Project object */ = {
			isa = PBXProject;
			attributes = {
				LastSwiftUpdateCheck = 0830;
				LastUpgradeCheck = 0830;
				ORGANIZATIONNAME = "Marius Sincovici";
				TargetAttributes = {
					29CE87631F56C7ED0090EFD0 = {
						CreatedOnToolsVersion = 8.3.3;
						ProvisioningStyle = Automatic;
					};
					29CE87791F56C7ED0090EFD0 = {
						CreatedOnToolsVersion = 8.3.3;
						ProvisioningStyle = Automatic;
						TestTargetID = 29CE87631F56C7ED0090EFD0;
					};
				};
			};
			buildConfigurationList = 29CE875F1F56C7ED0090EFD0 /* Build configuration list for PBXProject "UsersPosts" */;
			compatibilityVersion = "Xcode 3.2";
			developmentRegion = English;
			hasScannedForEncodings = 0;
			knownRegions = (
				en,
				Base,
			);
			mainGroup = 29CE875B1F56C7ED0090EFD0;
			productRefGroup = 29CE87651F56C7ED0090EFD0 /* Products */;
			projectDirPath = "";
			projectRoot = "";
			targets = (
				29CE87631F56C7ED0090EFD0 /* UsersPosts */,
				29CE87791F56C7ED0090EFD0 /* UsersPostsTests */,
			);
		};
/* End PBXProject section */

/* Begin PBXResourcesBuildPhase section */
		29CE87621F56C7ED0090EFD0 /* Resources */ = {
			isa = PBXResourcesBuildPhase;
			buildActionMask = 2147483647;
			files = (
				29CE87741F56C7ED0090EFD0 /* LaunchScreen.storyboard in Resources */,
				29CE87711F56C7ED0090EFD0 /* Assets.xcassets in Resources */,
				29CE876F1F56C7ED0090EFD0 /* Main.storyboard in Resources */,
			);
			runOnlyForDeploymentPostprocessing = 0;
		};
		29CE87781F56C7ED0090EFD0 /* Resources */ = {
			isa = PBXResourcesBuildPhase;
			buildActionMask = 2147483647;
			files = (
			);
			runOnlyForDeploymentPostprocessing = 0;
		};
/* End PBXResourcesBuildPhase section */

/* Begin PBXSourcesBuildPhase section */
		29CE87601F56C7ED0090EFD0 /* Sources */ = {
			isa = PBXSourcesBuildPhase;
			buildActionMask = 2147483647;
			files = (
				29CE878B1F56CA2D0090EFD0 /* UserInfo.swift in Sources */,
				29CE87991F56F43E0090EFD0 /* UserPostsTableViewController.swift in Sources */,
				29CE87941F56E2880090EFD0 /* UserTableViewCell.swift in Sources */,
				29CE878E1F56CBDD0090EFD0 /* Task.swift in Sources */,
				29CE87CD1F56F74D0090EFD0 /* BaseTask.swift in Sources */,
				29CE87901F56CC210090EFD0 /* UsersTask.swift in Sources */,
				29CE87C91F56F5F90090EFD0 /* UserPost.swift in Sources */,
				29CE87971F56E6110090EFD0 /* UsersDataSource.swift in Sources */,
				29CE87D11F56FB8B0090EFD0 /* UserPostTableViewCell.swift in Sources */,
				29CE87CB1F56F7150090EFD0 /* UserPostsTask.swift in Sources */,
				29CE876A1F56C7ED0090EFD0 /* UsersViewController.swift in Sources */,
				29CE87681F56C7ED0090EFD0 /* AppDelegate.swift in Sources */,
				29CE87CF1F56F8A10090EFD0 /* UserPostDataSource.swift in Sources */,
			);
			runOnlyForDeploymentPostprocessing = 0;
		};
		29CE87761F56C7ED0090EFD0 /* Sources */ = {
			isa = PBXSourcesBuildPhase;
			buildActionMask = 2147483647;
			files = (
				29CE877F1F56C7ED0090EFD0 /* UsersPostsTests.swift in Sources */,
			);
			runOnlyForDeploymentPostprocessing = 0;
		};
/* End PBXSourcesBuildPhase section */

/* Begin PBXTargetDependency section */
		29CE877C1F56C7ED0090EFD0 /* PBXTargetDependency */ = {
			isa = PBXTargetDependency;
			target = 29CE87631F56C7ED0090EFD0 /* UsersPosts */;
			targetProxy = 29CE877B1F56C7ED0090EFD0 /* PBXContainerItemProxy */;
		};
/* End PBXTargetDependency section */

/* Begin PBXVariantGroup section */
		29CE876D1F56C7ED0090EFD0 /* Main.storyboard */ = {
			isa = PBXVariantGroup;
			children = (
				29CE876E1F56C7ED0090EFD0 /* Base */,
			);
			name = Main.storyboard;
			sourceTree = "<group>";
		};
		29CE87721F56C7ED0090EFD0 /* LaunchScreen.storyboard */ = {
			isa = PBXVariantGroup;
			children = (
				29CE87731F56C7ED0090EFD0 /* Base */,
			);
			name = LaunchScreen.storyboard;
			sourceTree = "<group>";
		};
/* End PBXVariantGroup section */

/* Begin XCBuildConfiguration section */
		29CE87811F56C7ED0090EFD0 /* Debug */ = {
			isa = XCBuildConfiguration;
			buildSettings = {
				ALWAYS_SEARCH_USER_PATHS = NO;
				CLANG_ANALYZER_NONNULL = YES;
				CLANG_ANALYZER_NUMBER_OBJECT_CONVERSION = YES_AGGRESSIVE;
				CLANG_CXX_LANGUAGE_STANDARD = "gnu++0x";
				CLANG_CXX_LIBRARY = "libc++";
				CLANG_ENABLE_MODULES = YES;
				CLANG_ENABLE_OBJC_ARC = YES;
				CLANG_WARN_BOOL_CONVERSION = YES;
				CLANG_WARN_CONSTANT_CONVERSION = YES;
				CLANG_WARN_DIRECT_OBJC_ISA_USAGE = YES_ERROR;
				CLANG_WARN_DOCUMENTATION_COMMENTS = YES;
				CLANG_WARN_EMPTY_BODY = YES;
				CLANG_WARN_ENUM_CONVERSION = YES;
				CLANG_WARN_INFINITE_RECURSION = YES;
				CLANG_WARN_INT_CONVERSION = YES;
				CLANG_WARN_OBJC_ROOT_CLASS = YES_ERROR;
				CLANG_WARN_SUSPICIOUS_MOVE = YES;
				CLANG_WARN_UNREACHABLE_CODE = YES;
				CLANG_WARN__DUPLICATE_METHOD_MATCH = YES;
				"CODE_SIGN_IDENTITY[sdk=iphoneos*]" = "iPhone Developer";
				COPY_PHASE_STRIP = NO;
				DEBUG_INFORMATION_FORMAT = dwarf;
				ENABLE_STRICT_OBJC_MSGSEND = YES;
				ENABLE_TESTABILITY = YES;
				GCC_C_LANGUAGE_STANDARD = gnu99;
				GCC_DYNAMIC_NO_PIC = NO;
				GCC_NO_COMMON_BLOCKS = YES;
				GCC_OPTIMIZATION_LEVEL = 0;
				GCC_PREPROCESSOR_DEFINITIONS = (
					"DEBUG=1",
					"$(inherited)",
				);
				GCC_WARN_64_TO_32_BIT_CONVERSION = YES;
				GCC_WARN_ABOUT_RETURN_TYPE = YES_ERROR;
				GCC_WARN_UNDECLARED_SELECTOR = YES;
				GCC_WARN_UNINITIALIZED_AUTOS = YES_AGGRESSIVE;
				GCC_WARN_UNUSED_FUNCTION = YES;
				GCC_WARN_UNUSED_VARIABLE = YES;
				IPHONEOS_DEPLOYMENT_TARGET = 10.3;
				MTL_ENABLE_DEBUG_INFO = YES;
				ONLY_ACTIVE_ARCH = YES;
				SDKROOT = iphoneos;
				SWIFT_ACTIVE_COMPILATION_CONDITIONS = DEBUG;
				SWIFT_OPTIMIZATION_LEVEL = "-Onone";
				TARGETED_DEVICE_FAMILY = "1,2";
			};
			name = Debug;
		};
		29CE87821F56C7ED0090EFD0 /* Release */ = {
			isa = XCBuildConfiguration;
			buildSettings = {
				ALWAYS_SEARCH_USER_PATHS = NO;
				CLANG_ANALYZER_NONNULL = YES;
				CLANG_ANALYZER_NUMBER_OBJECT_CONVERSION = YES_AGGRESSIVE;
				CLANG_CXX_LANGUAGE_STANDARD = "gnu++0x";
				CLANG_CXX_LIBRARY = "libc++";
				CLANG_ENABLE_MODULES = YES;
				CLANG_ENABLE_OBJC_ARC = YES;
				CLANG_WARN_BOOL_CONVERSION = YES;
				CLANG_WARN_CONSTANT_CONVERSION = YES;
				CLANG_WARN_DIRECT_OBJC_ISA_USAGE = YES_ERROR;
				CLANG_WARN_DOCUMENTATION_COMMENTS = YES;
				CLANG_WARN_EMPTY_BODY = YES;
				CLANG_WARN_ENUM_CONVERSION = YES;
				CLANG_WARN_INFINITE_RECURSION = YES;
				CLANG_WARN_INT_CONVERSION = YES;
				CLANG_WARN_OBJC_ROOT_CLASS = YES_ERROR;
				CLANG_WARN_SUSPICIOUS_MOVE = YES;
				CLANG_WARN_UNREACHABLE_CODE = YES;
				CLANG_WARN__DUPLICATE_METHOD_MATCH = YES;
				"CODE_SIGN_IDENTITY[sdk=iphoneos*]" = "iPhone Developer";
				COPY_PHASE_STRIP = NO;
				DEBUG_INFORMATION_FORMAT = "dwarf-with-dsym";
				ENABLE_NS_ASSERTIONS = NO;
				ENABLE_STRICT_OBJC_MSGSEND = YES;
				GCC_C_LANGUAGE_STANDARD = gnu99;
				GCC_NO_COMMON_BLOCKS = YES;
				GCC_WARN_64_TO_32_BIT_CONVERSION = YES;
				GCC_WARN_ABOUT_RETURN_TYPE = YES_ERROR;
				GCC_WARN_UNDECLARED_SELECTOR = YES;
				GCC_WARN_UNINITIALIZED_AUTOS = YES_AGGRESSIVE;
				GCC_WARN_UNUSED_FUNCTION = YES;
				GCC_WARN_UNUSED_VARIABLE = YES;
				IPHONEOS_DEPLOYMENT_TARGET = 10.3;
				MTL_ENABLE_DEBUG_INFO = NO;
				SDKROOT = iphoneos;
				SWIFT_OPTIMIZATION_LEVEL = "-Owholemodule";
				TARGETED_DEVICE_FAMILY = "1,2";
				VALIDATE_PRODUCT = YES;
			};
			name = Release;
		};
		29CE87841F56C7ED0090EFD0 /* Debug */ = {
			isa = XCBuildConfiguration;
			buildSettings = {
				ASSETCATALOG_COMPILER_APPICON_NAME = AppIcon;
				INFOPLIST_FILE = UsersPosts/Info.plist;
				LD_RUNPATH_SEARCH_PATHS = "$(inherited) @executable_path/Frameworks";
				PRODUCT_BUNDLE_IDENTIFIER = marius.UsersPosts;
				PRODUCT_NAME = "$(TARGET_NAME)";
				SWIFT_VERSION = 3.0;
			};
			name = Debug;
		};
		29CE87851F56C7ED0090EFD0 /* Release */ = {
			isa = XCBuildConfiguration;
			buildSettings = {
				ASSETCATALOG_COMPILER_APPICON_NAME = AppIcon;
				INFOPLIST_FILE = UsersPosts/Info.plist;
				LD_RUNPATH_SEARCH_PATHS = "$(inherited) @executable_path/Frameworks";
				PRODUCT_BUNDLE_IDENTIFIER = marius.UsersPosts;
				PRODUCT_NAME = "$(TARGET_NAME)";
				SWIFT_VERSION = 3.0;
			};
			name = Release;
		};
		29CE87871F56C7ED0090EFD0 /* Debug */ = {
			isa = XCBuildConfiguration;
			buildSettings = {
				ALWAYS_EMBED_SWIFT_STANDARD_LIBRARIES = YES;
				BUNDLE_LOADER = "$(TEST_HOST)";
				INFOPLIST_FILE = UsersPostsTests/Info.plist;
				LD_RUNPATH_SEARCH_PATHS = "$(inherited) @executable_path/Frameworks @loader_path/Frameworks";
				PRODUCT_BUNDLE_IDENTIFIER = marius.UsersPostsTests;
				PRODUCT_NAME = "$(TARGET_NAME)";
				SWIFT_VERSION = 3.0;
				TEST_HOST = "$(BUILT_PRODUCTS_DIR)/UsersPosts.app/UsersPosts";
			};
			name = Debug;
		};
		29CE87881F56C7ED0090EFD0 /* Release */ = {
			isa = XCBuildConfiguration;
			buildSettings = {
				ALWAYS_EMBED_SWIFT_STANDARD_LIBRARIES = YES;
				BUNDLE_LOADER = "$(TEST_HOST)";
				INFOPLIST_FILE = UsersPostsTests/Info.plist;
				LD_RUNPATH_SEARCH_PATHS = "$(inherited) @executable_path/Frameworks @loader_path/Frameworks";
				PRODUCT_BUNDLE_IDENTIFIER = marius.UsersPostsTests;
				PRODUCT_NAME = "$(TARGET_NAME)";
				SWIFT_VERSION = 3.0;
				TEST_HOST = "$(BUILT_PRODUCTS_DIR)/UsersPosts.app/UsersPosts";
			};
			name = Release;
		};
/* End XCBuildConfiguration section */

/* Begin XCConfigurationList section */
		29CE875F1F56C7ED0090EFD0 /* Build configuration list for PBXProject "UsersPosts" */ = {
			isa = XCConfigurationList;
			buildConfigurations = (
				29CE87811F56C7ED0090EFD0 /* Debug */,
				29CE87821F56C7ED0090EFD0 /* Release */,
			);
			defaultConfigurationIsVisible = 0;
			defaultConfigurationName = Release;
		};
		29CE87831F56C7ED0090EFD0 /* Build configuration list for PBXNativeTarget "UsersPosts" */ = {
			isa = XCConfigurationList;
			buildConfigurations = (
				29CE87841F56C7ED0090EFD0 /* Debug */,
				29CE87851F56C7ED0090EFD0 /* Release */,
			);
			defaultConfigurationIsVisible = 0;
		};
		29CE87861F56C7ED0090EFD0 /* Build configuration list for PBXNativeTarget "UsersPostsTests" */ = {
			isa = XCConfigurationList;
			buildConfigurations = (
				29CE87871F56C7ED0090EFD0 /* Debug */,
				29CE87881F56C7ED0090EFD0 /* Release */,
			);
			defaultConfigurationIsVisible = 0;
		};
/* End XCConfigurationList section */
	};
	rootObject = 29CE875C1F56C7ED0090EFD0 /* Project object */;
}
